
Microsoft Visual Studio Solution File, Format Version 12.00
# Visual Studio Version 16
VisualStudioVersion = 16.0.31727.386
MinimumVisualStudioVersion = 10.0.40219.1
Project("{9A19103F-16F7-4668-BE54-9A1E7A4F7556}") = "ComeX.WPF", "ComeX.WPF\ComeX.WPF.csproj", "{B7B5A6CE-C093-4220-ABA6-E2C82F5B9B66}"
EndProject
Project("{9A19103F-16F7-4668-BE54-9A1E7A4F7556}") = "ComeX.UserDatabaseAPI", "ComeX.UserDatabaseAPI\ComeX.UserDatabaseAPI.csproj", "{2D8A0CAF-1BA3-4B24-AAD9-466A3D198782}"
EndProject
Project("{9A19103F-16F7-4668-BE54-9A1E7A4F7556}") = "ComeX.Server", "ComeX.Server\ComeX.Server.csproj", "{A30CDF25-3D55-4760-B2BC-6D1FFFD0C253}"
EndProject
Project("{9A19103F-16F7-4668-BE54-9A1E7A4F7556}") = "ComeX.Lib.Auth", "ComeX.Lib.Auth\ComeX.Lib.Auth.csproj", "{81B08095-CA57-4BCA-B01E-BB44F7561DB6}"
EndProject
Project("{9A19103F-16F7-4668-BE54-9A1E7A4F7556}") = "ComeX.Lib.Common", "ComeX.Lib.Common\ComeX.Lib.Common.csproj", "{6D0DF8E1-2998-4C04-9E2A-B6869C4ADDA9}"
EndProject
Global
	GlobalSection(SolutionConfigurationPlatforms) = preSolution
		Debug|Any CPU = Debug|Any CPU
		Release|Any CPU = Release|Any CPU
	EndGlobalSection
	GlobalSection(ProjectConfigurationPlatforms) = postSolution
		{B7B5A6CE-C093-4220-ABA6-E2C82F5B9B66}.Debug|Any CPU.ActiveCfg = Debug|Any CPU
		{B7B5A6CE-C093-4220-ABA6-E2C82F5B9B66}.Debug|Any CPU.Build.0 = Debug|Any CPU
		{B7B5A6CE-C093-4220-ABA6-E2C82F5B9B66}.Release|Any CPU.ActiveCfg = Release|Any CPU
		{B7B5A6CE-C093-4220-ABA6-E2C82F5B9B66}.Release|Any CPU.Build.0 = Release|Any CPU
		{2D8A0CAF-1BA3-4B24-AAD9-466A3D198782}.Debug|Any CPU.ActiveCfg = Debug|Any CPU
		{2D8A0CAF-1BA3-4B24-AAD9-466A3D198782}.Debug|Any CPU.Build.0 = Debug|Any CPU
		{2D8A0CAF-1BA3-4B24-AAD9-466A3D198782}.Release|Any CPU.ActiveCfg = Release|Any CPU
		{2D8A0CAF-1BA3-4B24-AAD9-466A3D198782}.Release|Any CPU.Build.0 = Release|Any CPU
		{A30CDF25-3D55-4760-B2BC-6D1FFFD0C253}.Debug|Any CPU.ActiveCfg = Debug|Any CPU
		{A30CDF25-3D55-4760-B2BC-6D1FFFD0C253}.Debug|Any CPU.Build.0 = Debug|Any CPU
		{A30CDF25-3D55-4760-B2BC-6D1FFFD0C253}.Release|Any CPU.ActiveCfg = Release|Any CPU
		{A30CDF25-3D55-4760-B2BC-6D1FFFD0C253}.Release|Any CPU.Build.0 = Release|Any CPU
		{81B08095-CA57-4BCA-B01E-BB44F7561DB6}.Debug|Any CPU.ActiveCfg = Debug|Any CPU
		{81B08095-CA57-4BCA-B01E-BB44F7561DB6}.Debug|Any CPU.Build.0 = Debug|Any CPU
		{81B08095-CA57-4BCA-B01E-BB44F7561DB6}.Release|Any CPU.ActiveCfg = Release|Any CPU
		{81B08095-CA57-4BCA-B01E-BB44F7561DB6}.Release|Any CPU.Build.0 = Release|Any CPU
		{6D0DF8E1-2998-4C04-9E2A-B6869C4ADDA9}.Debug|Any CPU.ActiveCfg = Debug|Any CPU
		{6D0DF8E1-2998-4C04-9E2A-B6869C4ADDA9}.Debug|Any CPU.Build.0 = Debug|Any CPU
		{6D0DF8E1-2998-4C04-9E2A-B6869C4ADDA9}.Release|Any CPU.ActiveCfg = Release|Any CPU
		{6D0DF8E1-2998-4C04-9E2A-B6869C4ADDA9}.Release|Any CPU.Build.0 = Release|Any CPU
	EndGlobalSection
	GlobalSection(SolutionProperties) = preSolution
		HideSolutionNode = FALSE
	EndGlobalSection
	GlobalSection(ExtensibilityGlobals) = postSolution
		SolutionGuid = {5514EF07-D25B-4877-B078-83820ED263AD}
	EndGlobalSection
EndGlobal
